
Microsoft Visual Studio Solution File, Format Version 12.00
# Visual Studio Version 17
VisualStudioVersion = 17.7.34024.191
MinimumVisualStudioVersion = 10.0.40219.1
Project("{FAE04EC0-301F-11D3-BF4B-00C04F79EFBC}") = "ResultFeatures", "ResultFeatures\ResultFeatures.csproj", "{B481951C-F5CD-4C4D-A3DB-9BB8D4A84181}"
EndProject
Global
	GlobalSection(SolutionConfigurationPlatforms) = preSolution
		Debug|Any CPU = Debug|Any CPU
		Release|Any CPU = Release|Any CPU
	EndGlobalSection
	GlobalSection(ProjectConfigurationPlatforms) = postSolution
		{B481951C-F5CD-4C4D-A3DB-9BB8D4A84181}.Debug|Any CPU.ActiveCfg = Debug|Any CPU
		{B481951C-F5CD-4C4D-A3DB-9BB8D4A84181}.Debug|Any CPU.Build.0 = Debug|Any CPU
		{B481951C-F5CD-4C4D-A3DB-9BB8D4A84181}.Release|Any CPU.ActiveCfg = Release|Any CPU
		{B481951C-F5CD-4C4D-A3DB-9BB8D4A84181}.Release|Any CPU.Build.0 = Release|Any CPU
	EndGlobalSection
	GlobalSection(SolutionProperties) = preSolution
		HideSolutionNode = FALSE
	EndGlobalSection
	GlobalSection(ExtensibilityGlobals) = postSolution
		SolutionGuid = {E2D4841C-25AE-4CEF-99CE-3B6544760B51}
	EndGlobalSection
EndGlobal
